
Microsoft Visual Studio Solution File, Format Version 12.00
# Visual Studio 14
VisualStudioVersion = 14.0.25420.1
MinimumVisualStudioVersion = 10.0.40219.1
Project("{FAE04EC0-301F-11D3-BF4B-00C04F79EFBC}") = "1.Sumator", "1.Sumator\1.Sumator.csproj", "{2B4AEC93-F425-4D15-B524-98D29F065CE7}"
EndProject
Project("{FAE04EC0-301F-11D3-BF4B-00C04F79EFBC}") = "01.SayHello", "01.SayHello\01.SayHello.csproj", "{B3E97BF2-1FD7-4B64-9C76-E78D4660C1AA}"
EndProject
Project("{FAE04EC0-301F-11D3-BF4B-00C04F79EFBC}") = "02.HelloAspnet", "02.HelloAspnet\02.HelloAspnet.csproj", "{87A90C1D-9DA7-45AA-BC8B-ECF11E0E0D44}"
EndProject
Project("{FAE04EC0-301F-11D3-BF4B-00C04F79EFBC}") = "03.AppExecutionEvents", "03.AppExecutionEvents\03.AppExecutionEvents.csproj", "{8FE9050E-BC7D-451E-AA8B-A95439748374}"
EndProject
Global
	GlobalSection(SolutionConfigurationPlatforms) = preSolution
		Debug|Any CPU = Debug|Any CPU
		Release|Any CPU = Release|Any CPU
	EndGlobalSection
	GlobalSection(ProjectConfigurationPlatforms) = postSolution
		{2B4AEC93-F425-4D15-B524-98D29F065CE7}.Debug|Any CPU.ActiveCfg = Debug|Any CPU
		{2B4AEC93-F425-4D15-B524-98D29F065CE7}.Debug|Any CPU.Build.0 = Debug|Any CPU
		{2B4AEC93-F425-4D15-B524-98D29F065CE7}.Release|Any CPU.ActiveCfg = Release|Any CPU
		{2B4AEC93-F425-4D15-B524-98D29F065CE7}.Release|Any CPU.Build.0 = Release|Any CPU
		{B3E97BF2-1FD7-4B64-9C76-E78D4660C1AA}.Debug|Any CPU.ActiveCfg = Debug|Any CPU
		{B3E97BF2-1FD7-4B64-9C76-E78D4660C1AA}.Debug|Any CPU.Build.0 = Debug|Any CPU
		{B3E97BF2-1FD7-4B64-9C76-E78D4660C1AA}.Release|Any CPU.ActiveCfg = Release|Any CPU
		{B3E97BF2-1FD7-4B64-9C76-E78D4660C1AA}.Release|Any CPU.Build.0 = Release|Any CPU
		{87A90C1D-9DA7-45AA-BC8B-ECF11E0E0D44}.Debug|Any CPU.ActiveCfg = Debug|Any CPU
		{87A90C1D-9DA7-45AA-BC8B-ECF11E0E0D44}.Debug|Any CPU.Build.0 = Debug|Any CPU
		{87A90C1D-9DA7-45AA-BC8B-ECF11E0E0D44}.Release|Any CPU.ActiveCfg = Release|Any CPU
		{87A90C1D-9DA7-45AA-BC8B-ECF11E0E0D44}.Release|Any CPU.Build.0 = Release|Any CPU
		{8FE9050E-BC7D-451E-AA8B-A95439748374}.Debug|Any CPU.ActiveCfg = Debug|Any CPU
		{8FE9050E-BC7D-451E-AA8B-A95439748374}.Debug|Any CPU.Build.0 = Debug|Any CPU
		{8FE9050E-BC7D-451E-AA8B-A95439748374}.Release|Any CPU.ActiveCfg = Release|Any CPU
		{8FE9050E-BC7D-451E-AA8B-A95439748374}.Release|Any CPU.Build.0 = Release|Any CPU
	EndGlobalSection
	GlobalSection(SolutionProperties) = preSolution
		HideSolutionNode = FALSE
	EndGlobalSection
EndGlobal
